// !$*UTF8*$!
{
	archiveVersion = 1;
	classes = {
	};
	objectVersion = 56;
	objects = {

/* Begin PBXBuildFile section */
		0445ED402C021D3200E005DB /* TodoStore.swift in Sources */ = {isa = PBXBuildFile; fileRef = 0445ED3F2C021D3200E005DB /* TodoStore.swift */; };
		0445ED442C024B0200E005DB /* TodoDetailViewController.swift in Sources */ = {isa = PBXBuildFile; fileRef = 0445ED432C024B0200E005DB /* TodoDetailViewController.swift */; };
		0461D57C2C00117000FCA901 /* AppDelegate.swift in Sources */ = {isa = PBXBuildFile; fileRef = 0461D57B2C00117000FCA901 /* AppDelegate.swift */; };
		0461D57E2C00117000FCA901 /* SceneDelegate.swift in Sources */ = {isa = PBXBuildFile; fileRef = 0461D57D2C00117000FCA901 /* SceneDelegate.swift */; };
		0461D5802C00117000FCA901 /* ViewController.swift in Sources */ = {isa = PBXBuildFile; fileRef = 0461D57F2C00117000FCA901 /* ViewController.swift */; };
		0461D5832C00117000FCA901 /* Base in Resources */ = {isa = PBXBuildFile; fileRef = 0461D5822C00117000FCA901 /* Base */; };
		0461D5852C00117200FCA901 /* Assets.xcassets in Resources */ = {isa = PBXBuildFile; fileRef = 0461D5842C00117200FCA901 /* Assets.xcassets */; };
		0461D5882C00117200FCA901 /* Base in Resources */ = {isa = PBXBuildFile; fileRef = 0461D5872C00117200FCA901 /* Base */; };
		0461D5982C002B8E00FCA901 /* CustomCell.swift in Sources */ = {isa = PBXBuildFile; fileRef = 0461D5972C002B8E00FCA901 /* CustomCell.swift */; };
		0461D59A2C002FD200FCA901 /* AddTodoListViewController.swift in Sources */ = {isa = PBXBuildFile; fileRef = 0461D5992C002FD200FCA901 /* AddTodoListViewController.swift */; };
		0461D59C2C004CD300FCA901 /* TodoSsmpleData.swift in Sources */ = {isa = PBXBuildFile; fileRef = 0461D59B2C004CD300FCA901 /* TodoSsmpleData.swift */; };
		0481D8EF2C060A9C00B13633 /* TodoListViewModel.swift in Sources */ = {isa = PBXBuildFile; fileRef = 0481D8EE2C060A9C00B13633 /* TodoListViewModel.swift */; };
/* End PBXBuildFile section */

/* Begin PBXFileReference section */
		0445ED3F2C021D3200E005DB /* TodoStore.swift */ = {isa = PBXFileReference; lastKnownFileType = sourcecode.swift; path = TodoStore.swift; sourceTree = "<group>"; };
		0445ED432C024B0200E005DB /* TodoDetailViewController.swift */ = {isa = PBXFileReference; lastKnownFileType = sourcecode.swift; path = TodoDetailViewController.swift; sourceTree = "<group>"; };
		0461D5782C00117000FCA901 /* TodoList-UIKit.app */ = {isa = PBXFileReference; explicitFileType = wrapper.application; includeInIndex = 0; path = "TodoList-UIKit.app"; sourceTree = BUILT_PRODUCTS_DIR; };
		0461D57B2C00117000FCA901 /* AppDelegate.swift */ = {isa = PBXFileReference; lastKnownFileType = sourcecode.swift; path = AppDelegate.swift; sourceTree = "<group>"; };
		0461D57D2C00117000FCA901 /* SceneDelegate.swift */ = {isa = PBXFileReference; lastKnownFileType = sourcecode.swift; path = SceneDelegate.swift; sourceTree = "<group>"; };
		0461D57F2C00117000FCA901 /* ViewController.swift */ = {isa = PBXFileReference; lastKnownFileType = sourcecode.swift; path = ViewController.swift; sourceTree = "<group>"; };
		0461D5822C00117000FCA901 /* Base */ = {isa = PBXFileReference; lastKnownFileType = file.storyboard; name = Base; path = Base.lproj/Main.storyboard; sourceTree = "<group>"; };
		0461D5842C00117200FCA901 /* Assets.xcassets */ = {isa = PBXFileReference; lastKnownFileType = folder.assetcatalog; path = Assets.xcassets; sourceTree = "<group>"; };
		0461D5872C00117200FCA901 /* Base */ = {isa = PBXFileReference; lastKnownFileType = file.storyboard; name = Base; path = Base.lproj/LaunchScreen.storyboard; sourceTree = "<group>"; };
		0461D5892C00117200FCA901 /* Info.plist */ = {isa = PBXFileReference; lastKnownFileType = text.plist.xml; path = Info.plist; sourceTree = "<group>"; };
		0461D5972C002B8E00FCA901 /* CustomCell.swift */ = {isa = PBXFileReference; lastKnownFileType = sourcecode.swift; path = CustomCell.swift; sourceTree = "<group>"; };
		0461D5992C002FD200FCA901 /* AddTodoListViewController.swift */ = {isa = PBXFileReference; lastKnownFileType = sourcecode.swift; path = AddTodoListViewController.swift; sourceTree = "<group>"; };
		0461D59B2C004CD300FCA901 /* TodoSsmpleData.swift */ = {isa = PBXFileReference; lastKnownFileType = sourcecode.swift; path = TodoSsmpleData.swift; sourceTree = "<group>"; };
		0481D8EE2C060A9C00B13633 /* TodoListViewModel.swift */ = {isa = PBXFileReference; lastKnownFileType = sourcecode.swift; path = TodoListViewModel.swift; sourceTree = "<group>"; };
/* End PBXFileReference section */

/* Begin PBXFrameworksBuildPhase section */
		0461D5752C00117000FCA901 /* Frameworks */ = {
			isa = PBXFrameworksBuildPhase;
			buildActionMask = 2147483647;
			files = (
			);
			runOnlyForDeploymentPostprocessing = 0;
		};
/* End PBXFrameworksBuildPhase section */

/* Begin PBXGroup section */
		0461D56F2C00117000FCA901 = {
			isa = PBXGroup;
			children = (
				0461D57A2C00117000FCA901 /* TodoList-UIKit */,
				0461D5792C00117000FCA901 /* Products */,
			);
			sourceTree = "<group>";
		};
		0461D5792C00117000FCA901 /* Products */ = {
			isa = PBXGroup;
			children = (
				0461D5782C00117000FCA901 /* TodoList-UIKit.app */,
			);
			name = Products;
			sourceTree = "<group>";
		};
		0461D57A2C00117000FCA901 /* TodoList-UIKit */ = {
			isa = PBXGroup;
			children = (
				0481D9022C070B1B00B13633 /* ViewModel */,
				0481D8F22C060B8D00B13633 /* App */,
				0481D8F12C060B7D00B13633 /* DetailTodo */,
				0481D8F02C060B6F00B13633 /* AddTodo */,
				0481D8ED2C060A7A00B13633 /* TodoList */,
				04C10CCA2C04A9FC00C0A235 /* Mocks */,
				0461D5942C001D4500FCA901 /* Model */,
				0461D5812C00117000FCA901 /* Main.storyboard */,
				0461D5842C00117200FCA901 /* Assets.xcassets */,
				0461D5862C00117200FCA901 /* LaunchScreen.storyboard */,
				0461D5892C00117200FCA901 /* Info.plist */,
			);
			path = "TodoList-UIKit";
			sourceTree = "<group>";
		};
		0461D5942C001D4500FCA901 /* Model */ = {
			isa = PBXGroup;
			children = (
				0445ED3F2C021D3200E005DB /* TodoStore.swift */,
			);
			path = Model;
			sourceTree = "<group>";
		};
		0481D8ED2C060A7A00B13633 /* TodoList */ = {
			isa = PBXGroup;
			children = (
				0461D5972C002B8E00FCA901 /* CustomCell.swift */,
				0461D57F2C00117000FCA901 /* ViewController.swift */,
			);
			path = TodoList;
			sourceTree = "<group>";
		};
		0481D8F02C060B6F00B13633 /* AddTodo */ = {
			isa = PBXGroup;
			children = (
				0461D5992C002FD200FCA901 /* AddTodoListViewController.swift */,
			);
			path = AddTodo;
			sourceTree = "<group>";
		};
		0481D8F12C060B7D00B13633 /* DetailTodo */ = {
			isa = PBXGroup;
			children = (
				0445ED432C024B0200E005DB /* TodoDetailViewController.swift */,
			);
			path = DetailTodo;
			sourceTree = "<group>";
		};
		0481D8F22C060B8D00B13633 /* App */ = {
			isa = PBXGroup;
			children = (
				0461D57D2C00117000FCA901 /* SceneDelegate.swift */,
				0461D57B2C00117000FCA901 /* AppDelegate.swift */,
			);
			path = App;
			sourceTree = "<group>";
		};
		0481D9022C070B1B00B13633 /* ViewModel */ = {
			isa = PBXGroup;
			children = (
				0481D8EE2C060A9C00B13633 /* TodoListViewModel.swift */,
			);
			path = ViewModel;
			sourceTree = "<group>";
		};
		04C10CCA2C04A9FC00C0A235 /* Mocks */ = {
			isa = PBXGroup;
			children = (
				0461D59B2C004CD300FCA901 /* TodoSsmpleData.swift */,
			);
			path = Mocks;
			sourceTree = "<group>";
		};
/* End PBXGroup section */

/* Begin PBXNativeTarget section */
		0461D5772C00117000FCA901 /* TodoList-UIKit */ = {
			isa = PBXNativeTarget;
			buildConfigurationList = 0461D58C2C00117200FCA901 /* Build configuration list for PBXNativeTarget "TodoList-UIKit" */;
			buildPhases = (
				0461D5742C00117000FCA901 /* Sources */,
				0461D5752C00117000FCA901 /* Frameworks */,
				0461D5762C00117000FCA901 /* Resources */,
			);
			buildRules = (
			);
			dependencies = (
			);
			name = "TodoList-UIKit";
			productName = "TodoList-UIKit";
			productReference = 0461D5782C00117000FCA901 /* TodoList-UIKit.app */;
			productType = "com.apple.product-type.application";
		};
/* End PBXNativeTarget section */

/* Begin PBXProject section */
		0461D5702C00117000FCA901 /* Project object */ = {
			isa = PBXProject;
			attributes = {
				BuildIndependentTargetsInParallel = 1;
				LastSwiftUpdateCheck = 1540;
				LastUpgradeCheck = 1540;
				TargetAttributes = {
					0461D5772C00117000FCA901 = {
						CreatedOnToolsVersion = 15.4;
					};
				};
			};
			buildConfigurationList = 0461D5732C00117000FCA901 /* Build configuration list for PBXProject "TodoList-UIKit" */;
			compatibilityVersion = "Xcode 14.0";
			developmentRegion = en;
			hasScannedForEncodings = 0;
			knownRegions = (
				en,
				Base,
			);
			mainGroup = 0461D56F2C00117000FCA901;
			productRefGroup = 0461D5792C00117000FCA901 /* Products */;
			projectDirPath = "";
			projectRoot = "";
			targets = (
				0461D5772C00117000FCA901 /* TodoList-UIKit */,
			);
		};
/* End PBXProject section */

/* Begin PBXResourcesBuildPhase section */
		0461D5762C00117000FCA901 /* Resources */ = {
			isa = PBXResourcesBuildPhase;
			buildActionMask = 2147483647;
			files = (
				0461D5852C00117200FCA901 /* Assets.xcassets in Resources */,
				0461D5882C00117200FCA901 /* Base in Resources */,
				0461D5832C00117000FCA901 /* Base in Resources */,
			);
			runOnlyForDeploymentPostprocessing = 0;
		};
/* End PBXResourcesBuildPhase section */

/* Begin PBXSourcesBuildPhase section */
		0461D5742C00117000FCA901 /* Sources */ = {
			isa = PBXSourcesBuildPhase;
			buildActionMask = 2147483647;
			files = (
				0461D5802C00117000FCA901 /* ViewController.swift in Sources */,
				0445ED442C024B0200E005DB /* TodoDetailViewController.swift in Sources */,
				0461D59C2C004CD300FCA901 /* TodoSsmpleData.swift in Sources */,
				0461D57C2C00117000FCA901 /* AppDelegate.swift in Sources */,
				0481D8EF2C060A9C00B13633 /* TodoListViewModel.swift in Sources */,
				0461D59A2C002FD200FCA901 /* AddTodoListViewController.swift in Sources */,
				0461D5982C002B8E00FCA901 /* CustomCell.swift in Sources */,
				0445ED402C021D3200E005DB /* TodoStore.swift in Sources */,
				0461D57E2C00117000FCA901 /* SceneDelegate.swift in Sources */,
			);
			runOnlyForDeploymentPostprocessing = 0;
		};
/* End PBXSourcesBuildPhase section */

/* Begin PBXVariantGroup section */
		0461D5812C00117000FCA901 /* Main.storyboard */ = {
			isa = PBXVariantGroup;
			children = (
				0461D5822C00117000FCA901 /* Base */,
			);
			name = Main.storyboard;
			sourceTree = "<group>";
		};
		0461D5862C00117200FCA901 /* LaunchScreen.storyboard */ = {
			isa = PBXVariantGroup;
			children = (
				0461D5872C00117200FCA901 /* Base */,
			);
			name = LaunchScreen.storyboard;
			sourceTree = "<group>";
		};
/* End PBXVariantGroup section */

/* Begin XCBuildConfiguration section */
		0461D58A2C00117200FCA901 /* Debug */ = {
			isa = XCBuildConfiguration;
			buildSettings = {
				ALWAYS_SEARCH_USER_PATHS = NO;
				ASSETCATALOG_COMPILER_GENERATE_SWIFT_ASSET_SYMBOL_EXTENSIONS = YES;
				CLANG_ANALYZER_NONNULL = YES;
				CLANG_ANALYZER_NUMBER_OBJECT_CONVERSION = YES_AGGRESSIVE;
				CLANG_CXX_LANGUAGE_STANDARD = "gnu++20";
				CLANG_ENABLE_MODULES = YES;
				CLANG_ENABLE_OBJC_ARC = YES;
				CLANG_ENABLE_OBJC_WEAK = YES;
				CLANG_WARN_BLOCK_CAPTURE_AUTORELEASING = YES;
				CLANG_WARN_BOOL_CONVERSION = YES;
				CLANG_WARN_COMMA = YES;
				CLANG_WARN_CONSTANT_CONVERSION = YES;
				CLANG_WARN_DEPRECATED_OBJC_IMPLEMENTATIONS = YES;
				CLANG_WARN_DIRECT_OBJC_ISA_USAGE = YES_ERROR;
				CLANG_WARN_DOCUMENTATION_COMMENTS = YES;
				CLANG_WARN_EMPTY_BODY = YES;
				CLANG_WARN_ENUM_CONVERSION = YES;
				CLANG_WARN_INFINITE_RECURSION = YES;
				CLANG_WARN_INT_CONVERSION = YES;
				CLANG_WARN_NON_LITERAL_NULL_CONVERSION = YES;
				CLANG_WARN_OBJC_IMPLICIT_RETAIN_SELF = YES;
				CLANG_WARN_OBJC_LITERAL_CONVERSION = YES;
				CLANG_WARN_OBJC_ROOT_CLASS = YES_ERROR;
				CLANG_WARN_QUOTED_INCLUDE_IN_FRAMEWORK_HEADER = YES;
				CLANG_WARN_RANGE_LOOP_ANALYSIS = YES;
				CLANG_WARN_STRICT_PROTOTYPES = YES;
				CLANG_WARN_SUSPICIOUS_MOVE = YES;
				CLANG_WARN_UNGUARDED_AVAILABILITY = YES_AGGRESSIVE;
				CLANG_WARN_UNREACHABLE_CODE = YES;
				CLANG_WARN__DUPLICATE_METHOD_MATCH = YES;
				COPY_PHASE_STRIP = NO;
				DEBUG_INFORMATION_FORMAT = dwarf;
				ENABLE_STRICT_OBJC_MSGSEND = YES;
				ENABLE_TESTABILITY = YES;
				ENABLE_USER_SCRIPT_SANDBOXING = YES;
				GCC_C_LANGUAGE_STANDARD = gnu17;
				GCC_DYNAMIC_NO_PIC = NO;
				GCC_NO_COMMON_BLOCKS = YES;
				GCC_OPTIMIZATION_LEVEL = 0;
				GCC_PREPROCESSOR_DEFINITIONS = (
					"DEBUG=1",
					"$(inherited)",
				);
				GCC_WARN_64_TO_32_BIT_CONVERSION = YES;
				GCC_WARN_ABOUT_RETURN_TYPE = YES_ERROR;
				GCC_WARN_UNDECLARED_SELECTOR = YES;
				GCC_WARN_UNINITIALIZED_AUTOS = YES_AGGRESSIVE;
				GCC_WARN_UNUSED_FUNCTION = YES;
				GCC_WARN_UNUSED_VARIABLE = YES;
				IPHONEOS_DEPLOYMENT_TARGET = 17.5;
				LOCALIZATION_PREFERS_STRING_CATALOGS = YES;
				MTL_ENABLE_DEBUG_INFO = INCLUDE_SOURCE;
				MTL_FAST_MATH = YES;
				ONLY_ACTIVE_ARCH = YES;
				SDKROOT = iphoneos;
				SWIFT_ACTIVE_COMPILATION_CONDITIONS = "DEBUG $(inherited)";
				SWIFT_OPTIMIZATION_LEVEL = "-Onone";
			};
			name = Debug;
		};
		0461D58B2C00117200FCA901 /* Release */ = {
			isa = XCBuildConfiguration;
			buildSettings = {
				ALWAYS_SEARCH_USER_PATHS = NO;
				ASSETCATALOG_COMPILER_GENERATE_SWIFT_ASSET_SYMBOL_EXTENSIONS = YES;
				CLANG_ANALYZER_NONNULL = YES;
				CLANG_ANALYZER_NUMBER_OBJECT_CONVERSION = YES_AGGRESSIVE;
				CLANG_CXX_LANGUAGE_STANDARD = "gnu++20";
				CLANG_ENABLE_MODULES = YES;
				CLANG_ENABLE_OBJC_ARC = YES;
				CLANG_ENABLE_OBJC_WEAK = YES;
				CLANG_WARN_BLOCK_CAPTURE_AUTORELEASING = YES;
				CLANG_WARN_BOOL_CONVERSION = YES;
				CLANG_WARN_COMMA = YES;
				CLANG_WARN_CONSTANT_CONVERSION = YES;
				CLANG_WARN_DEPRECATED_OBJC_IMPLEMENTATIONS = YES;
				CLANG_WARN_DIRECT_OBJC_ISA_USAGE = YES_ERROR;
				CLANG_WARN_DOCUMENTATION_COMMENTS = YES;
				CLANG_WARN_EMPTY_BODY = YES;
				CLANG_WARN_ENUM_CONVERSION = YES;
				CLANG_WARN_INFINITE_RECURSION = YES;
				CLANG_WARN_INT_CONVERSION = YES;
				CLANG_WARN_NON_LITERAL_NULL_CONVERSION = YES;
				CLANG_WARN_OBJC_IMPLICIT_RETAIN_SELF = YES;
				CLANG_WARN_OBJC_LITERAL_CONVERSION = YES;
				CLANG_WARN_OBJC_ROOT_CLASS = YES_ERROR;
				CLANG_WARN_QUOTED_INCLUDE_IN_FRAMEWORK_HEADER = YES;
				CLANG_WARN_RANGE_LOOP_ANALYSIS = YES;
				CLANG_WARN_STRICT_PROTOTYPES = YES;
				CLANG_WARN_SUSPICIOUS_MOVE = YES;
				CLANG_WARN_UNGUARDED_AVAILABILITY = YES_AGGRESSIVE;
				CLANG_WARN_UNREACHABLE_CODE = YES;
				CLANG_WARN__DUPLICATE_METHOD_MATCH = YES;
				COPY_PHASE_STRIP = NO;
				DEBUG_INFORMATION_FORMAT = "dwarf-with-dsym";
				ENABLE_NS_ASSERTIONS = NO;
				ENABLE_STRICT_OBJC_MSGSEND = YES;
				ENABLE_USER_SCRIPT_SANDBOXING = YES;
				GCC_C_LANGUAGE_STANDARD = gnu17;
				GCC_NO_COMMON_BLOCKS = YES;
				GCC_WARN_64_TO_32_BIT_CONVERSION = YES;
				GCC_WARN_ABOUT_RETURN_TYPE = YES_ERROR;
				GCC_WARN_UNDECLARED_SELECTOR = YES;
				GCC_WARN_UNINITIALIZED_AUTOS = YES_AGGRESSIVE;
				GCC_WARN_UNUSED_FUNCTION = YES;
				GCC_WARN_UNUSED_VARIABLE = YES;
				IPHONEOS_DEPLOYMENT_TARGET = 17.5;
				LOCALIZATION_PREFERS_STRING_CATALOGS = YES;
				MTL_ENABLE_DEBUG_INFO = NO;
				MTL_FAST_MATH = YES;
				SDKROOT = iphoneos;
				SWIFT_COMPILATION_MODE = wholemodule;
				VALIDATE_PRODUCT = YES;
			};
			name = Release;
		};
		0461D58D2C00117200FCA901 /* Debug */ = {
			isa = XCBuildConfiguration;
			buildSettings = {
				ASSETCATALOG_COMPILER_APPICON_NAME = AppIcon;
				ASSETCATALOG_COMPILER_GLOBAL_ACCENT_COLOR_NAME = AccentColor;
				CODE_SIGN_STYLE = Automatic;
				CURRENT_PROJECT_VERSION = 1;
				GENERATE_INFOPLIST_FILE = YES;
				INFOPLIST_FILE = "TodoList-UIKit/Info.plist";
				INFOPLIST_KEY_UIApplicationSupportsIndirectInputEvents = YES;
				INFOPLIST_KEY_UILaunchStoryboardName = LaunchScreen;
				INFOPLIST_KEY_UIMainStoryboardFile = Main;
				INFOPLIST_KEY_UISupportedInterfaceOrientations_iPad = "UIInterfaceOrientationPortrait UIInterfaceOrientationPortraitUpsideDown UIInterfaceOrientationLandscapeLeft UIInterfaceOrientationLandscapeRight";
				INFOPLIST_KEY_UISupportedInterfaceOrientations_iPhone = "UIInterfaceOrientationPortrait UIInterfaceOrientationLandscapeLeft UIInterfaceOrientationLandscapeRight";
				LD_RUNPATH_SEARCH_PATHS = (
					"$(inherited)",
					"@executable_path/Frameworks",
				);
				MARKETING_VERSION = 1.0;
				PRODUCT_BUNDLE_IDENTIFIER = "com.SeongKook.TodoList-UIKit";
				PRODUCT_NAME = "$(TARGET_NAME)";
				SWIFT_EMIT_LOC_STRINGS = YES;
				SWIFT_VERSION = 5.0;
				TARGETED_DEVICE_FAMILY = "1,2";
			};
			name = Debug;
		};
		0461D58E2C00117200FCA901 /* Release */ = {
			isa = XCBuildConfiguration;
			buildSettings = {
				ASSETCATALOG_COMPILER_APPICON_NAME = AppIcon;
				ASSETCATALOG_COMPILER_GLOBAL_ACCENT_COLOR_NAME = AccentColor;
				CODE_SIGN_STYLE = Automatic;
				CURRENT_PROJECT_VERSION = 1;
				GENERATE_INFOPLIST_FILE = YES;
				INFOPLIST_FILE = "TodoList-UIKit/Info.plist";
				INFOPLIST_KEY_UIApplicationSupportsIndirectInputEvents = YES;
				INFOPLIST_KEY_UILaunchStoryboardName = LaunchScreen;
				INFOPLIST_KEY_UIMainStoryboardFile = Main;
				INFOPLIST_KEY_UISupportedInterfaceOrientations_iPad = "UIInterfaceOrientationPortrait UIInterfaceOrientationPortraitUpsideDown UIInterfaceOrientationLandscapeLeft UIInterfaceOrientationLandscapeRight";
				INFOPLIST_KEY_UISupportedInterfaceOrientations_iPhone = "UIInterfaceOrientationPortrait UIInterfaceOrientationLandscapeLeft UIInterfaceOrientationLandscapeRight";
				LD_RUNPATH_SEARCH_PATHS = (
					"$(inherited)",
					"@executable_path/Frameworks",
				);
				MARKETING_VERSION = 1.0;
				PRODUCT_BUNDLE_IDENTIFIER = "com.SeongKook.TodoList-UIKit";
				PRODUCT_NAME = "$(TARGET_NAME)";
				SWIFT_EMIT_LOC_STRINGS = YES;
				SWIFT_VERSION = 5.0;
				TARGETED_DEVICE_FAMILY = "1,2";
			};
			name = Release;
		};
/* End XCBuildConfiguration section */

/* Begin XCConfigurationList section */
		0461D5732C00117000FCA901 /* Build configuration list for PBXProject "TodoList-UIKit" */ = {
			isa = XCConfigurationList;
			buildConfigurations = (
				0461D58A2C00117200FCA901 /* Debug */,
				0461D58B2C00117200FCA901 /* Release */,
			);
			defaultConfigurationIsVisible = 0;
			defaultConfigurationName = Release;
		};
		0461D58C2C00117200FCA901 /* Build configuration list for PBXNativeTarget "TodoList-UIKit" */ = {
			isa = XCConfigurationList;
			buildConfigurations = (
				0461D58D2C00117200FCA901 /* Debug */,
				0461D58E2C00117200FCA901 /* Release */,
			);
			defaultConfigurationIsVisible = 0;
			defaultConfigurationName = Release;
		};
/* End XCConfigurationList section */
	};
	rootObject = 0461D5702C00117000FCA901 /* Project object */;
}
